
Microsoft Visual Studio Solution File, Format Version 12.00
# Visual Studio Version 17
VisualStudioVersion = 17.7.34024.191
MinimumVisualStudioVersion = 10.0.40219.1
Project("{FAE04EC0-301F-11D3-BF4B-00C04F79EFBC}") = "LINQOneString", "LINQOneString.csproj", "{E8A164B9-B71C-445A-84A5-817768E0F4DB}"
EndProject
Global
	GlobalSection(SolutionConfigurationPlatforms) = preSolution
		Debug|Any CPU = Debug|Any CPU
		Release|Any CPU = Release|Any CPU
	EndGlobalSection
	GlobalSection(ProjectConfigurationPlatforms) = postSolution
		{E8A164B9-B71C-445A-84A5-817768E0F4DB}.Debug|Any CPU.ActiveCfg = Debug|Any CPU
		{E8A164B9-B71C-445A-84A5-817768E0F4DB}.Debug|Any CPU.Build.0 = Debug|Any CPU
		{E8A164B9-B71C-445A-84A5-817768E0F4DB}.Release|Any CPU.ActiveCfg = Release|Any CPU
		{E8A164B9-B71C-445A-84A5-817768E0F4DB}.Release|Any CPU.Build.0 = Release|Any CPU
	EndGlobalSection
	GlobalSection(SolutionProperties) = preSolution
		HideSolutionNode = FALSE
	EndGlobalSection
	GlobalSection(ExtensibilityGlobals) = postSolution
		SolutionGuid = {394387D0-5500-4EC6-8FB7-AA9E0E9EF1D7}
	EndGlobalSection
EndGlobal
